
Microsoft Visual Studio Solution File, Format Version 12.00
# Visual Studio Version 16
VisualStudioVersion = 16.0.30204.135
MinimumVisualStudioVersion = 10.0.40219.1
Project("{FAE04EC0-301F-11D3-BF4B-00C04F79EFBC}") = "Sales.UWP", "Sales\Sales.UWP\Sales.UWP.csproj", "{7CCC255A-1510-4B5A-B44A-FCD581B64680}"
EndProject
Project("{FAE04EC0-301F-11D3-BF4B-00C04F79EFBC}") = "Sales.Android", "Sales\Sales.Android\Sales.Android.csproj", "{18342403-AEB2-43D7-AA65-EFAC3718B990}"
EndProject
Project("{FAE04EC0-301F-11D3-BF4B-00C04F79EFBC}") = "Sales.iOS", "Sales\Sales.iOS\Sales.iOS.csproj", "{229625C5-9D4E-4E96-8D3D-9396F56484C8}"
EndProject
Project("{FAE04EC0-301F-11D3-BF4B-00C04F79EFBC}") = "Sales", "Sales\Sales\Sales.csproj", "{8CAF45A3-B95E-471F-B4B7-31F8CDB943F8}"
EndProject
Project("{FAE04EC0-301F-11D3-BF4B-00C04F79EFBC}") = "Sales.Backend", "Sales.Backend\Sales.Backend.csproj", "{01D01241-E9D0-4B94-A921-0724BC2C4F23}"
EndProject
Project("{FAE04EC0-301F-11D3-BF4B-00C04F79EFBC}") = "Sales.API", "Sales.API\Sales.API.csproj", "{7B872E82-DC75-4409-AD0B-108711229B85}"
EndProject
Project("{FAE04EC0-301F-11D3-BF4B-00C04F79EFBC}") = "Sales.Domain", "Sales.Domain\Sales.Domain.csproj", "{7B9E1F0E-BEEB-4E5C-961C-2C360912C46F}"
EndProject
Project("{FAE04EC0-301F-11D3-BF4B-00C04F79EFBC}") = "Sales.Common", "Sales.Common\Sales.Common.csproj", "{866AE104-8BFB-40CD-9FA3-56F53015B73F}"
EndProject
Global
	GlobalSection(SolutionConfigurationPlatforms) = preSolution
		Debug|Any CPU = Debug|Any CPU
		Debug|ARM = Debug|ARM
		Debug|iPhone = Debug|iPhone
		Debug|iPhoneSimulator = Debug|iPhoneSimulator
		Debug|x64 = Debug|x64
		Debug|x86 = Debug|x86
		Release|Any CPU = Release|Any CPU
		Release|ARM = Release|ARM
		Release|iPhone = Release|iPhone
		Release|iPhoneSimulator = Release|iPhoneSimulator
		Release|x64 = Release|x64
		Release|x86 = Release|x86
	EndGlobalSection
	GlobalSection(ProjectConfigurationPlatforms) = postSolution
		{7CCC255A-1510-4B5A-B44A-FCD581B64680}.Debug|Any CPU.ActiveCfg = Debug|x86
		{7CCC255A-1510-4B5A-B44A-FCD581B64680}.Debug|Any CPU.Build.0 = Debug|x86
		{7CCC255A-1510-4B5A-B44A-FCD581B64680}.Debug|Any CPU.Deploy.0 = Debug|x86
		{7CCC255A-1510-4B5A-B44A-FCD581B64680}.Debug|ARM.ActiveCfg = Debug|ARM
		{7CCC255A-1510-4B5A-B44A-FCD581B64680}.Debug|ARM.Build.0 = Debug|ARM
		{7CCC255A-1510-4B5A-B44A-FCD581B64680}.Debug|ARM.Deploy.0 = Debug|ARM
		{7CCC255A-1510-4B5A-B44A-FCD581B64680}.Debug|iPhone.ActiveCfg = Debug|x86
		{7CCC255A-1510-4B5A-B44A-FCD581B64680}.Debug|iPhone.Build.0 = Debug|x86
		{7CCC255A-1510-4B5A-B44A-FCD581B64680}.Debug|iPhone.Deploy.0 = Debug|x86
		{7CCC255A-1510-4B5A-B44A-FCD581B64680}.Debug|iPhoneSimulator.ActiveCfg = Debug|x86
		{7CCC255A-1510-4B5A-B44A-FCD581B64680}.Debug|iPhoneSimulator.Build.0 = Debug|x86
		{7CCC255A-1510-4B5A-B44A-FCD581B64680}.Debug|iPhoneSimulator.Deploy.0 = Debug|x86
		{7CCC255A-1510-4B5A-B44A-FCD581B64680}.Debug|x64.ActiveCfg = Debug|x64
		{7CCC255A-1510-4B5A-B44A-FCD581B64680}.Debug|x64.Build.0 = Debug|x64
		{7CCC255A-1510-4B5A-B44A-FCD581B64680}.Debug|x64.Deploy.0 = Debug|x64
		{7CCC255A-1510-4B5A-B44A-FCD581B64680}.Debug|x86.ActiveCfg = Debug|x86
		{7CCC255A-1510-4B5A-B44A-FCD581B64680}.Debug|x86.Build.0 = Debug|x86
		{7CCC255A-1510-4B5A-B44A-FCD581B64680}.Debug|x86.Deploy.0 = Debug|x86
		{7CCC255A-1510-4B5A-B44A-FCD581B64680}.Release|Any CPU.ActiveCfg = Release|x86
		{7CCC255A-1510-4B5A-B44A-FCD581B64680}.Release|Any CPU.Build.0 = Release|x86
		{7CCC255A-1510-4B5A-B44A-FCD581B64680}.Release|Any CPU.Deploy.0 = Release|x86
		{7CCC255A-1510-4B5A-B44A-FCD581B64680}.Release|ARM.ActiveCfg = Release|ARM
		{7CCC255A-1510-4B5A-B44A-FCD581B64680}.Release|ARM.Build.0 = Release|ARM
		{7CCC255A-1510-4B5A-B44A-FCD581B64680}.Release|ARM.Deploy.0 = Release|ARM
		{7CCC255A-1510-4B5A-B44A-FCD581B64680}.Release|iPhone.ActiveCfg = Release|x86
		{7CCC255A-1510-4B5A-B44A-FCD581B64680}.Release|iPhone.Build.0 = Release|x86
		{7CCC255A-1510-4B5A-B44A-FCD581B64680}.Release|iPhone.Deploy.0 = Release|x86
		{7CCC255A-1510-4B5A-B44A-FCD581B64680}.Release|iPhoneSimulator.ActiveCfg = Release|x86
		{7CCC255A-1510-4B5A-B44A-FCD581B64680}.Release|iPhoneSimulator.Build.0 = Release|x86
		{7CCC255A-1510-4B5A-B44A-FCD581B64680}.Release|iPhoneSimulator.Deploy.0 = Release|x86
		{7CCC255A-1510-4B5A-B44A-FCD581B64680}.Release|x64.ActiveCfg = Release|x64
		{7CCC255A-1510-4B5A-B44A-FCD581B64680}.Release|x64.Build.0 = Release|x64
		{7CCC255A-1510-4B5A-B44A-FCD581B64680}.Release|x64.Deploy.0 = Release|x64
		{7CCC255A-1510-4B5A-B44A-FCD581B64680}.Release|x86.ActiveCfg = Release|x86
		{7CCC255A-1510-4B5A-B44A-FCD581B64680}.Release|x86.Build.0 = Release|x86
		{7CCC255A-1510-4B5A-B44A-FCD581B64680}.Release|x86.Deploy.0 = Release|x86
		{18342403-AEB2-43D7-AA65-EFAC3718B990}.Debug|Any CPU.ActiveCfg = Debug|Any CPU
		{18342403-AEB2-43D7-AA65-EFAC3718B990}.Debug|Any CPU.Build.0 = Debug|Any CPU
		{18342403-AEB2-43D7-AA65-EFAC3718B990}.Debug|Any CPU.Deploy.0 = Debug|Any CPU
		{18342403-AEB2-43D7-AA65-EFAC3718B990}.Debug|ARM.ActiveCfg = Debug|Any CPU
		{18342403-AEB2-43D7-AA65-EFAC3718B990}.Debug|ARM.Build.0 = Debug|Any CPU
		{18342403-AEB2-43D7-AA65-EFAC3718B990}.Debug|ARM.Deploy.0 = Debug|Any CPU
		{18342403-AEB2-43D7-AA65-EFAC3718B990}.Debug|iPhone.ActiveCfg = Debug|Any CPU
		{18342403-AEB2-43D7-AA65-EFAC3718B990}.Debug|iPhone.Build.0 = Debug|Any CPU
		{18342403-AEB2-43D7-AA65-EFAC3718B990}.Debug|iPhone.Deploy.0 = Debug|Any CPU
		{18342403-AEB2-43D7-AA65-EFAC3718B990}.Debug|iPhoneSimulator.ActiveCfg = Debug|Any CPU
		{18342403-AEB2-43D7-AA65-EFAC3718B990}.Debug|iPhoneSimulator.Build.0 = Debug|Any CPU
		{18342403-AEB2-43D7-AA65-EFAC3718B990}.Debug|iPhoneSimulator.Deploy.0 = Debug|Any CPU
		{18342403-AEB2-43D7-AA65-EFAC3718B990}.Debug|x64.ActiveCfg = Debug|Any CPU
		{18342403-AEB2-43D7-AA65-EFAC3718B990}.Debug|x64.Build.0 = Debug|Any CPU
		{18342403-AEB2-43D7-AA65-EFAC3718B990}.Debug|x64.Deploy.0 = Debug|Any CPU
		{18342403-AEB2-43D7-AA65-EFAC3718B990}.Debug|x86.ActiveCfg = Debug|Any CPU
		{18342403-AEB2-43D7-AA65-EFAC3718B990}.Debug|x86.Build.0 = Debug|Any CPU
		{18342403-AEB2-43D7-AA65-EFAC3718B990}.Debug|x86.Deploy.0 = Debug|Any CPU
		{18342403-AEB2-43D7-AA65-EFAC3718B990}.Release|Any CPU.ActiveCfg = Release|Any CPU
		{18342403-AEB2-43D7-AA65-EFAC3718B990}.Release|Any CPU.Build.0 = Release|Any CPU
		{18342403-AEB2-43D7-AA65-EFAC3718B990}.Release|Any CPU.Deploy.0 = Release|Any CPU
		{18342403-AEB2-43D7-AA65-EFAC3718B990}.Release|ARM.ActiveCfg = Release|Any CPU
		{18342403-AEB2-43D7-AA65-EFAC3718B990}.Release|ARM.Build.0 = Release|Any CPU
		{18342403-AEB2-43D7-AA65-EFAC3718B990}.Release|ARM.Deploy.0 = Release|Any CPU
		{18342403-AEB2-43D7-AA65-EFAC3718B990}.Release|iPhone.ActiveCfg = Release|Any CPU
		{18342403-AEB2-43D7-AA65-EFAC3718B990}.Release|iPhone.Build.0 = Release|Any CPU
		{18342403-AEB2-43D7-AA65-EFAC3718B990}.Release|iPhone.Deploy.0 = Release|Any CPU
		{18342403-AEB2-43D7-AA65-EFAC3718B990}.Release|iPhoneSimulator.ActiveCfg = Release|Any CPU
		{18342403-AEB2-43D7-AA65-EFAC3718B990}.Release|iPhoneSimulator.Build.0 = Release|Any CPU
		{18342403-AEB2-43D7-AA65-EFAC3718B990}.Release|iPhoneSimulator.Deploy.0 = Release|Any CPU
		{18342403-AEB2-43D7-AA65-EFAC3718B990}.Release|x64.ActiveCfg = Release|Any CPU
		{18342403-AEB2-43D7-AA65-EFAC3718B990}.Release|x64.Build.0 = Release|Any CPU
		{18342403-AEB2-43D7-AA65-EFAC3718B990}.Release|x64.Deploy.0 = Release|Any CPU
		{18342403-AEB2-43D7-AA65-EFAC3718B990}.Release|x86.ActiveCfg = Release|Any CPU
		{18342403-AEB2-43D7-AA65-EFAC3718B990}.Release|x86.Build.0 = Release|Any CPU
		{18342403-AEB2-43D7-AA65-EFAC3718B990}.Release|x86.Deploy.0 = Release|Any CPU
		{229625C5-9D4E-4E96-8D3D-9396F56484C8}.Debug|Any CPU.ActiveCfg = Debug|iPhone
		{229625C5-9D4E-4E96-8D3D-9396F56484C8}.Debug|Any CPU.Build.0 = Debug|iPhone
		{229625C5-9D4E-4E96-8D3D-9396F56484C8}.Debug|Any CPU.Deploy.0 = Debug|iPhone
		{229625C5-9D4E-4E96-8D3D-9396F56484C8}.Debug|ARM.ActiveCfg = Debug|iPhone
		{229625C5-9D4E-4E96-8D3D-9396F56484C8}.Debug|ARM.Build.0 = Debug|iPhone
		{229625C5-9D4E-4E96-8D3D-9396F56484C8}.Debug|ARM.Deploy.0 = Debug|iPhone
		{229625C5-9D4E-4E96-8D3D-9396F56484C8}.Debug|iPhone.ActiveCfg = Debug|iPhone
		{229625C5-9D4E-4E96-8D3D-9396F56484C8}.Debug|iPhone.Build.0 = Debug|iPhone
		{229625C5-9D4E-4E96-8D3D-9396F56484C8}.Debug|iPhone.Deploy.0 = Debug|iPhone
		{229625C5-9D4E-4E96-8D3D-9396F56484C8}.Debug|iPhoneSimulator.ActiveCfg = Debug|iPhoneSimulator
		{229625C5-9D4E-4E96-8D3D-9396F56484C8}.Debug|iPhoneSimulator.Build.0 = Debug|iPhoneSimulator
		{229625C5-9D4E-4E96-8D3D-9396F56484C8}.Debug|iPhoneSimulator.Deploy.0 = Debug|iPhoneSimulator
		{229625C5-9D4E-4E96-8D3D-9396F56484C8}.Debug|x64.ActiveCfg = Debug|iPhone
		{229625C5-9D4E-4E96-8D3D-9396F56484C8}.Debug|x64.Build.0 = Debug|iPhone
		{229625C5-9D4E-4E96-8D3D-9396F56484C8}.Debug|x64.Deploy.0 = Debug|iPhone
		{229625C5-9D4E-4E96-8D3D-9396F56484C8}.Debug|x86.ActiveCfg = Debug|iPhone
		{229625C5-9D4E-4E96-8D3D-9396F56484C8}.Debug|x86.Build.0 = Debug|iPhone
		{229625C5-9D4E-4E96-8D3D-9396F56484C8}.Debug|x86.Deploy.0 = Debug|iPhone
		{229625C5-9D4E-4E96-8D3D-9396F56484C8}.Release|Any CPU.ActiveCfg = Release|iPhone
		{229625C5-9D4E-4E96-8D3D-9396F56484C8}.Release|Any CPU.Build.0 = Release|iPhone
		{229625C5-9D4E-4E96-8D3D-9396F56484C8}.Release|Any CPU.Deploy.0 = Release|iPhone
		{229625C5-9D4E-4E96-8D3D-9396F56484C8}.Release|ARM.ActiveCfg = Release|iPhone
		{229625C5-9D4E-4E96-8D3D-9396F56484C8}.Release|ARM.Build.0 = Release|iPhone
		{229625C5-9D4E-4E96-8D3D-9396F56484C8}.Release|ARM.Deploy.0 = Release|iPhone
		{229625C5-9D4E-4E96-8D3D-9396F56484C8}.Release|iPhone.ActiveCfg = Release|iPhone
		{229625C5-9D4E-4E96-8D3D-9396F56484C8}.Release|iPhone.Build.0 = Release|iPhone
		{229625C5-9D4E-4E96-8D3D-9396F56484C8}.Release|iPhone.Deploy.0 = Release|iPhone
		{229625C5-9D4E-4E96-8D3D-9396F56484C8}.Release|iPhoneSimulator.ActiveCfg = Release|iPhoneSimulator
		{229625C5-9D4E-4E96-8D3D-9396F56484C8}.Release|iPhoneSimulator.Build.0 = Release|iPhoneSimulator
		{229625C5-9D4E-4E96-8D3D-9396F56484C8}.Release|iPhoneSimulator.Deploy.0 = Release|iPhoneSimulator
		{229625C5-9D4E-4E96-8D3D-9396F56484C8}.Release|x64.ActiveCfg = Release|iPhone
		{229625C5-9D4E-4E96-8D3D-9396F56484C8}.Release|x64.Build.0 = Release|iPhone
		{229625C5-9D4E-4E96-8D3D-9396F56484C8}.Release|x64.Deploy.0 = Release|iPhone
		{229625C5-9D4E-4E96-8D3D-9396F56484C8}.Release|x86.ActiveCfg = Release|iPhone
		{229625C5-9D4E-4E96-8D3D-9396F56484C8}.Release|x86.Build.0 = Release|iPhone
		{229625C5-9D4E-4E96-8D3D-9396F56484C8}.Release|x86.Deploy.0 = Release|iPhone
		{8CAF45A3-B95E-471F-B4B7-31F8CDB943F8}.Debug|Any CPU.ActiveCfg = Debug|Any CPU
		{8CAF45A3-B95E-471F-B4B7-31F8CDB943F8}.Debug|Any CPU.Build.0 = Debug|Any CPU
		{8CAF45A3-B95E-471F-B4B7-31F8CDB943F8}.Debug|Any CPU.Deploy.0 = Debug|Any CPU
		{8CAF45A3-B95E-471F-B4B7-31F8CDB943F8}.Debug|ARM.ActiveCfg = Debug|Any CPU
		{8CAF45A3-B95E-471F-B4B7-31F8CDB943F8}.Debug|ARM.Build.0 = Debug|Any CPU
		{8CAF45A3-B95E-471F-B4B7-31F8CDB943F8}.Debug|ARM.Deploy.0 = Debug|Any CPU
		{8CAF45A3-B95E-471F-B4B7-31F8CDB943F8}.Debug|iPhone.ActiveCfg = Debug|Any CPU
		{8CAF45A3-B95E-471F-B4B7-31F8CDB943F8}.Debug|iPhone.Build.0 = Debug|Any CPU
		{8CAF45A3-B95E-471F-B4B7-31F8CDB943F8}.Debug|iPhone.Deploy.0 = Debug|Any CPU
		{8CAF45A3-B95E-471F-B4B7-31F8CDB943F8}.Debug|iPhoneSimulator.ActiveCfg = Debug|Any CPU
		{8CAF45A3-B95E-471F-B4B7-31F8CDB943F8}.Debug|iPhoneSimulator.Build.0 = Debug|Any CPU
		{8CAF45A3-B95E-471F-B4B7-31F8CDB943F8}.Debug|iPhoneSimulator.Deploy.0 = Debug|Any CPU
		{8CAF45A3-B95E-471F-B4B7-31F8CDB943F8}.Debug|x64.ActiveCfg = Debug|Any CPU
		{8CAF45A3-B95E-471F-B4B7-31F8CDB943F8}.Debug|x64.Build.0 = Debug|Any CPU
		{8CAF45A3-B95E-471F-B4B7-31F8CDB943F8}.Debug|x64.Deploy.0 = Debug|Any CPU
		{8CAF45A3-B95E-471F-B4B7-31F8CDB943F8}.Debug|x86.ActiveCfg = Debug|Any CPU
		{8CAF45A3-B95E-471F-B4B7-31F8CDB943F8}.Debug|x86.Build.0 = Debug|Any CPU
		{8CAF45A3-B95E-471F-B4B7-31F8CDB943F8}.Debug|x86.Deploy.0 = Debug|Any CPU
		{8CAF45A3-B95E-471F-B4B7-31F8CDB943F8}.Release|Any CPU.ActiveCfg = Release|Any CPU
		{8CAF45A3-B95E-471F-B4B7-31F8CDB943F8}.Release|Any CPU.Build.0 = Release|Any CPU
		{8CAF45A3-B95E-471F-B4B7-31F8CDB943F8}.Release|Any CPU.Deploy.0 = Release|Any CPU
		{8CAF45A3-B95E-471F-B4B7-31F8CDB943F8}.Release|ARM.ActiveCfg = Release|Any CPU
		{8CAF45A3-B95E-471F-B4B7-31F8CDB943F8}.Release|ARM.Build.0 = Release|Any CPU
		{8CAF45A3-B95E-471F-B4B7-31F8CDB943F8}.Release|ARM.Deploy.0 = Release|Any CPU
		{8CAF45A3-B95E-471F-B4B7-31F8CDB943F8}.Release|iPhone.ActiveCfg = Release|Any CPU
		{8CAF45A3-B95E-471F-B4B7-31F8CDB943F8}.Release|iPhone.Build.0 = Release|Any CPU
		{8CAF45A3-B95E-471F-B4B7-31F8CDB943F8}.Release|iPhone.Deploy.0 = Release|Any CPU
		{8CAF45A3-B95E-471F-B4B7-31F8CDB943F8}.Release|iPhoneSimulator.ActiveCfg = Release|Any CPU
		{8CAF45A3-B95E-471F-B4B7-31F8CDB943F8}.Release|iPhoneSimulator.Build.0 = Release|Any CPU
		{8CAF45A3-B95E-471F-B4B7-31F8CDB943F8}.Release|iPhoneSimulator.Deploy.0 = Release|Any CPU
		{8CAF45A3-B95E-471F-B4B7-31F8CDB943F8}.Release|x64.ActiveCfg = Release|Any CPU
		{8CAF45A3-B95E-471F-B4B7-31F8CDB943F8}.Release|x64.Build.0 = Release|Any CPU
		{8CAF45A3-B95E-471F-B4B7-31F8CDB943F8}.Release|x64.Deploy.0 = Release|Any CPU
		{8CAF45A3-B95E-471F-B4B7-31F8CDB943F8}.Release|x86.ActiveCfg = Release|Any CPU
		{8CAF45A3-B95E-471F-B4B7-31F8CDB943F8}.Release|x86.Build.0 = Release|Any CPU
		{8CAF45A3-B95E-471F-B4B7-31F8CDB943F8}.Release|x86.Deploy.0 = Release|Any CPU
		{01D01241-E9D0-4B94-A921-0724BC2C4F23}.Debug|Any CPU.ActiveCfg = Debug|Any CPU
		{01D01241-E9D0-4B94-A921-0724BC2C4F23}.Debug|Any CPU.Build.0 = Debug|Any CPU
		{01D01241-E9D0-4B94-A921-0724BC2C4F23}.Debug|ARM.ActiveCfg = Debug|Any CPU
		{01D01241-E9D0-4B94-A921-0724BC2C4F23}.Debug|ARM.Build.0 = Debug|Any CPU
		{01D01241-E9D0-4B94-A921-0724BC2C4F23}.Debug|iPhone.ActiveCfg = Debug|Any CPU
		{01D01241-E9D0-4B94-A921-0724BC2C4F23}.Debug|iPhone.Build.0 = Debug|Any CPU
		{01D01241-E9D0-4B94-A921-0724BC2C4F23}.Debug|iPhoneSimulator.ActiveCfg = Debug|Any CPU
		{01D01241-E9D0-4B94-A921-0724BC2C4F23}.Debug|iPhoneSimulator.Build.0 = Debug|Any CPU
		{01D01241-E9D0-4B94-A921-0724BC2C4F23}.Debug|x64.ActiveCfg = Debug|Any CPU
		{01D01241-E9D0-4B94-A921-0724BC2C4F23}.Debug|x64.Build.0 = Debug|Any CPU
		{01D01241-E9D0-4B94-A921-0724BC2C4F23}.Debug|x86.ActiveCfg = Debug|Any CPU
		{01D01241-E9D0-4B94-A921-0724BC2C4F23}.Debug|x86.Build.0 = Debug|Any CPU
		{01D01241-E9D0-4B94-A921-0724BC2C4F23}.Release|Any CPU.ActiveCfg = Release|Any CPU
		{01D01241-E9D0-4B94-A921-0724BC2C4F23}.Release|Any CPU.Build.0 = Release|Any CPU
		{01D01241-E9D0-4B94-A921-0724BC2C4F23}.Release|ARM.ActiveCfg = Release|Any CPU
		{01D01241-E9D0-4B94-A921-0724BC2C4F23}.Release|ARM.Build.0 = Release|Any CPU
		{01D01241-E9D0-4B94-A921-0724BC2C4F23}.Release|iPhone.ActiveCfg = Release|Any CPU
		{01D01241-E9D0-4B94-A921-0724BC2C4F23}.Release|iPhone.Build.0 = Release|Any CPU
		{01D01241-E9D0-4B94-A921-0724BC2C4F23}.Release|iPhoneSimulator.ActiveCfg = Release|Any CPU
		{01D01241-E9D0-4B94-A921-0724BC2C4F23}.Release|iPhoneSimulator.Build.0 = Release|Any CPU
		{01D01241-E9D0-4B94-A921-0724BC2C4F23}.Release|x64.ActiveCfg = Release|Any CPU
		{01D01241-E9D0-4B94-A921-0724BC2C4F23}.Release|x64.Build.0 = Release|Any CPU
		{01D01241-E9D0-4B94-A921-0724BC2C4F23}.Release|x86.ActiveCfg = Release|Any CPU
		{01D01241-E9D0-4B94-A921-0724BC2C4F23}.Release|x86.Build.0 = Release|Any CPU
		{7B872E82-DC75-4409-AD0B-108711229B85}.Debug|Any CPU.ActiveCfg = Debug|Any CPU
		{7B872E82-DC75-4409-AD0B-108711229B85}.Debug|Any CPU.Build.0 = Debug|Any CPU
		{7B872E82-DC75-4409-AD0B-108711229B85}.Debug|ARM.ActiveCfg = Debug|Any CPU
		{7B872E82-DC75-4409-AD0B-108711229B85}.Debug|ARM.Build.0 = Debug|Any CPU
		{7B872E82-DC75-4409-AD0B-108711229B85}.Debug|iPhone.ActiveCfg = Debug|Any CPU
		{7B872E82-DC75-4409-AD0B-108711229B85}.Debug|iPhone.Build.0 = Debug|Any CPU
		{7B872E82-DC75-4409-AD0B-108711229B85}.Debug|iPhoneSimulator.ActiveCfg = Debug|Any CPU
		{7B872E82-DC75-4409-AD0B-108711229B85}.Debug|iPhoneSimulator.Build.0 = Debug|Any CPU
		{7B872E82-DC75-4409-AD0B-108711229B85}.Debug|x64.ActiveCfg = Debug|Any CPU
		{7B872E82-DC75-4409-AD0B-108711229B85}.Debug|x64.Build.0 = Debug|Any CPU
		{7B872E82-DC75-4409-AD0B-108711229B85}.Debug|x86.ActiveCfg = Debug|Any CPU
		{7B872E82-DC75-4409-AD0B-108711229B85}.Debug|x86.Build.0 = Debug|Any CPU
		{7B872E82-DC75-4409-AD0B-108711229B85}.Release|Any CPU.ActiveCfg = Release|Any CPU
		{7B872E82-DC75-4409-AD0B-108711229B85}.Release|Any CPU.Build.0 = Release|Any CPU
		{7B872E82-DC75-4409-AD0B-108711229B85}.Release|ARM.ActiveCfg = Release|Any CPU
		{7B872E82-DC75-4409-AD0B-108711229B85}.Release|ARM.Build.0 = Release|Any CPU
		{7B872E82-DC75-4409-AD0B-108711229B85}.Release|iPhone.ActiveCfg = Release|Any CPU
		{7B872E82-DC75-4409-AD0B-108711229B85}.Release|iPhone.Build.0 = Release|Any CPU
		{7B872E82-DC75-4409-AD0B-108711229B85}.Release|iPhoneSimulator.ActiveCfg = Release|Any CPU
		{7B872E82-DC75-4409-AD0B-108711229B85}.Release|iPhoneSimulator.Build.0 = Release|Any CPU
		{7B872E82-DC75-4409-AD0B-108711229B85}.Release|x64.ActiveCfg = Release|Any CPU
		{7B872E82-DC75-4409-AD0B-108711229B85}.Release|x64.Build.0 = Release|Any CPU
		{7B872E82-DC75-4409-AD0B-108711229B85}.Release|x86.ActiveCfg = Release|Any CPU
		{7B872E82-DC75-4409-AD0B-108711229B85}.Release|x86.Build.0 = Release|Any CPU
		{7B9E1F0E-BEEB-4E5C-961C-2C360912C46F}.Debug|Any CPU.ActiveCfg = Debug|Any CPU
		{7B9E1F0E-BEEB-4E5C-961C-2C360912C46F}.Debug|Any CPU.Build.0 = Debug|Any CPU
		{7B9E1F0E-BEEB-4E5C-961C-2C360912C46F}.Debug|ARM.ActiveCfg = Debug|Any CPU
		{7B9E1F0E-BEEB-4E5C-961C-2C360912C46F}.Debug|ARM.Build.0 = Debug|Any CPU
		{7B9E1F0E-BEEB-4E5C-961C-2C360912C46F}.Debug|iPhone.ActiveCfg = Debug|Any CPU
		{7B9E1F0E-BEEB-4E5C-961C-2C360912C46F}.Debug|iPhone.Build.0 = Debug|Any CPU
		{7B9E1F0E-BEEB-4E5C-961C-2C360912C46F}.Debug|iPhoneSimulator.ActiveCfg = Debug|Any CPU
		{7B9E1F0E-BEEB-4E5C-961C-2C360912C46F}.Debug|iPhoneSimulator.Build.0 = Debug|Any CPU
		{7B9E1F0E-BEEB-4E5C-961C-2C360912C46F}.Debug|x64.ActiveCfg = Debug|Any CPU
		{7B9E1F0E-BEEB-4E5C-961C-2C360912C46F}.Debug|x64.Build.0 = Debug|Any CPU
		{7B9E1F0E-BEEB-4E5C-961C-2C360912C46F}.Debug|x86.ActiveCfg = Debug|Any CPU
		{7B9E1F0E-BEEB-4E5C-961C-2C360912C46F}.Debug|x86.Build.0 = Debug|Any CPU
		{7B9E1F0E-BEEB-4E5C-961C-2C360912C46F}.Release|Any CPU.ActiveCfg = Release|Any CPU
		{7B9E1F0E-BEEB-4E5C-961C-2C360912C46F}.Release|Any CPU.Build.0 = Release|Any CPU
		{7B9E1F0E-BEEB-4E5C-961C-2C360912C46F}.Release|ARM.ActiveCfg = Release|Any CPU
		{7B9E1F0E-BEEB-4E5C-961C-2C360912C46F}.Release|ARM.Build.0 = Release|Any CPU
		{7B9E1F0E-BEEB-4E5C-961C-2C360912C46F}.Release|iPhone.ActiveCfg = Release|Any CPU
		{7B9E1F0E-BEEB-4E5C-961C-2C360912C46F}.Release|iPhone.Build.0 = Release|Any CPU
		{7B9E1F0E-BEEB-4E5C-961C-2C360912C46F}.Release|iPhoneSimulator.ActiveCfg = Release|Any CPU
		{7B9E1F0E-BEEB-4E5C-961C-2C360912C46F}.Release|iPhoneSimulator.Build.0 = Release|Any CPU
		{7B9E1F0E-BEEB-4E5C-961C-2C360912C46F}.Release|x64.ActiveCfg = Release|Any CPU
		{7B9E1F0E-BEEB-4E5C-961C-2C360912C46F}.Release|x64.Build.0 = Release|Any CPU
		{7B9E1F0E-BEEB-4E5C-961C-2C360912C46F}.Release|x86.ActiveCfg = Release|Any CPU
		{7B9E1F0E-BEEB-4E5C-961C-2C360912C46F}.Release|x86.Build.0 = Release|Any CPU
		{866AE104-8BFB-40CD-9FA3-56F53015B73F}.Debug|Any CPU.ActiveCfg = Debug|Any CPU
		{866AE104-8BFB-40CD-9FA3-56F53015B73F}.Debug|Any CPU.Build.0 = Debug|Any CPU
		{866AE104-8BFB-40CD-9FA3-56F53015B73F}.Debug|ARM.ActiveCfg = Debug|Any CPU
		{866AE104-8BFB-40CD-9FA3-56F53015B73F}.Debug|ARM.Build.0 = Debug|Any CPU
		{866AE104-8BFB-40CD-9FA3-56F53015B73F}.Debug|iPhone.ActiveCfg = Debug|Any CPU
		{866AE104-8BFB-40CD-9FA3-56F53015B73F}.Debug|iPhone.Build.0 = Debug|Any CPU
		{866AE104-8BFB-40CD-9FA3-56F53015B73F}.Debug|iPhoneSimulator.ActiveCfg = Debug|Any CPU
		{866AE104-8BFB-40CD-9FA3-56F53015B73F}.Debug|iPhoneSimulator.Build.0 = Debug|Any CPU
		{866AE104-8BFB-40CD-9FA3-56F53015B73F}.Debug|x64.ActiveCfg = Debug|Any CPU
		{866AE104-8BFB-40CD-9FA3-56F53015B73F}.Debug|x64.Build.0 = Debug|Any CPU
		{866AE104-8BFB-40CD-9FA3-56F53015B73F}.Debug|x86.ActiveCfg = Debug|Any CPU
		{866AE104-8BFB-40CD-9FA3-56F53015B73F}.Debug|x86.Build.0 = Debug|Any CPU
		{866AE104-8BFB-40CD-9FA3-56F53015B73F}.Release|Any CPU.ActiveCfg = Release|Any CPU
		{866AE104-8BFB-40CD-9FA3-56F53015B73F}.Release|Any CPU.Build.0 = Release|Any CPU
		{866AE104-8BFB-40CD-9FA3-56F53015B73F}.Release|ARM.ActiveCfg = Release|Any CPU
		{866AE104-8BFB-40CD-9FA3-56F53015B73F}.Release|ARM.Build.0 = Release|Any CPU
		{866AE104-8BFB-40CD-9FA3-56F53015B73F}.Release|iPhone.ActiveCfg = Release|Any CPU
		{866AE104-8BFB-40CD-9FA3-56F53015B73F}.Release|iPhone.Build.0 = Release|Any CPU
		{866AE104-8BFB-40CD-9FA3-56F53015B73F}.Release|iPhoneSimulator.ActiveCfg = Release|Any CPU
		{866AE104-8BFB-40CD-9FA3-56F53015B73F}.Release|iPhoneSimulator.Build.0 = Release|Any CPU
		{866AE104-8BFB-40CD-9FA3-56F53015B73F}.Release|x64.ActiveCfg = Release|Any CPU
		{866AE104-8BFB-40CD-9FA3-56F53015B73F}.Release|x64.Build.0 = Release|Any CPU
		{866AE104-8BFB-40CD-9FA3-56F53015B73F}.Release|x86.ActiveCfg = Release|Any CPU
		{866AE104-8BFB-40CD-9FA3-56F53015B73F}.Release|x86.Build.0 = Release|Any CPU
	EndGlobalSection
	GlobalSection(SolutionProperties) = preSolution
		HideSolutionNode = FALSE
	EndGlobalSection
	GlobalSection(ExtensibilityGlobals) = postSolution
		SolutionGuid = {6AEC91FB-2610-4CAA-BAD9-37AAC2688F70}
	EndGlobalSection
EndGlobal
